github.com/karlseguin/ccache/v3 v3.0.2 h1:YCG2wy2d9JahsT1xh/soFN2h2pjNePMKj7eLTx3uct8=
github.com/karlseguin/ccache/v3 v3.0.2/go.mod h1:qxC372+Qn+IBj8Pe3KvGjHPj0sWwEF7AeZVhsNPZ6uY=
github.com/songgao/water v0.0.0-20190725173103-fd331bda3f4b h1:+y4hCMc/WKsDbAPsOQZgBSaSZ26uh2afyaWeVg/3s/c=
github.com/songgao/water v0.0.0-20190725173103-fd331bda3f4b/go.mod h1:P5HUIBuIWKbyjl083/loAegFkfbFNx5i2qEP4CNbm7E=
golang.org/x/net v0.1.0 h1:hZ/3BUoy5aId7sCpA/Tc5lt8DkFgdVS2onTpJsZ/fl0=
golang.org/x/net v0.1.0/go.mod h1:Cx3nUiGt4eDBEyega/BKRp+/AlGL8hYe7U9odMt2Cco=
golang.org/x/sys v0.1.1-0.20221102194838-fc697a31fa06 h1:E1pm64FqQa4v8dHd/bAneyMkR4hk8LTJhoSlc5mc1cM=
golang.org/x/sys v0.1.1-0.20221102194838-fc697a31fa06/go.mod h1:oPkhp1MJrh7nUepCBck5+mAzfO9JrbApNNgaTdGDITg=
